
Microsoft Visual Studio Solution File, Format Version 12.00
# Visual Studio 14
VisualStudioVersion = 14.0.23107.0
MinimumVisualStudioVersion = 10.0.40219.1
Project("{FAE04EC0-301F-11D3-BF4B-00C04F79EFBC}") = "VideoApp", "VideoApp\VideoApp.csproj", "{7DAC4CB1-843B-402F-8173-8ED930DEB8F1}"
EndProject
Project("{FAE04EC0-301F-11D3-BF4B-00C04F79EFBC}") = "VideoApp.Biz", "VideoAppBiz\VideoApp.Biz.csproj", "{9B8F7D9C-FA6D-4C29-AB3F-5CBDF7F941FE}"
EndProject
Project("{FAE04EC0-301F-11D3-BF4B-00C04F79EFBC}") = "Commons", "Commons\Commons.csproj", "{7E489ED9-A361-4DAE-9495-377B4152601F}"
EndProject
Project("{FAE04EC0-301F-11D3-BF4B-00C04F79EFBC}") = "VideoApp.IRepository", "VideoApp.IRepository\VideoApp.IRepository.csproj", "{86EFEDFD-60A5-4A5F-A56B-EFC737B661AA}"
EndProject
Project("{FAE04EC0-301F-11D3-BF4B-00C04F79EFBC}") = "VideoApp.Repository", "VideoApp.Repository\VideoApp.Repository.csproj", "{19DCF09F-AF38-4B52-AF4B-5BA04E1D9563}"
EndProject
Project("{FAE04EC0-301F-11D3-BF4B-00C04F79EFBC}") = "VideoApp.Services", "VideoApp.Services\VideoApp.Services.csproj", "{CE8A2A29-EFEF-4566-9886-ECB5E8905D1E}"
EndProject
Project("{FAE04EC0-301F-11D3-BF4B-00C04F79EFBC}") = "VideoApp.IServices", "VideoApp.IServices\VideoApp.IServices.csproj", "{C15694D4-DE93-4007-A8A3-3909BD6993BB}"
EndProject
Project("{2150E333-8FDC-42A3-9474-1A3956D46DE8}") = "01Services", "01Services", "{5DED4A6E-A901-4855-8CB8-54D906A5DA59}"
EndProject
Project("{2150E333-8FDC-42A3-9474-1A3956D46DE8}") = "02Repository", "02Repository", "{0B61CFCD-0B77-4110-AF3A-3CD2270A4E30}"
EndProject
Project("{2150E333-8FDC-42A3-9474-1A3956D46DE8}") = "03Entity", "03Entity", "{A91D220F-FE27-41C6-8F84-7EAFCBF2AD88}"
EndProject
Project("{2150E333-8FDC-42A3-9474-1A3956D46DE8}") = "04Controller", "04Controller", "{16B5014F-EC4B-40CB-9B2A-35EDC827D12F}"
EndProject
Project("{2150E333-8FDC-42A3-9474-1A3956D46DE8}") = "05WebApp", "05WebApp", "{B8ED488D-ABE0-4BD2-8A8D-A631BB07274A}"
EndProject
Project("{2150E333-8FDC-42A3-9474-1A3956D46DE8}") = "06Commons", "06Commons", "{BC0A899D-8160-42EF-8C57-93D44DE251EB}"
EndProject
Project("{FAE04EC0-301F-11D3-BF4B-00C04F79EFBC}") = "VideoApp.Entity", "VideoApp.Entity\VideoApp.Entity.csproj", "{63167235-628B-4CED-A8F0-6662D7572397}"
EndProject
Global
	GlobalSection(SolutionConfigurationPlatforms) = preSolution
		Debug|Any CPU = Debug|Any CPU
		Release|Any CPU = Release|Any CPU
	EndGlobalSection
	GlobalSection(ProjectConfigurationPlatforms) = postSolution
		{7DAC4CB1-843B-402F-8173-8ED930DEB8F1}.Debug|Any CPU.ActiveCfg = Debug|Any CPU
		{7DAC4CB1-843B-402F-8173-8ED930DEB8F1}.Debug|Any CPU.Build.0 = Debug|Any CPU
		{7DAC4CB1-843B-402F-8173-8ED930DEB8F1}.Release|Any CPU.ActiveCfg = Release|Any CPU
		{7DAC4CB1-843B-402F-8173-8ED930DEB8F1}.Release|Any CPU.Build.0 = Release|Any CPU
		{9B8F7D9C-FA6D-4C29-AB3F-5CBDF7F941FE}.Debug|Any CPU.ActiveCfg = Debug|Any CPU
		{9B8F7D9C-FA6D-4C29-AB3F-5CBDF7F941FE}.Debug|Any CPU.Build.0 = Debug|Any CPU
		{9B8F7D9C-FA6D-4C29-AB3F-5CBDF7F941FE}.Release|Any CPU.ActiveCfg = Release|Any CPU
		{9B8F7D9C-FA6D-4C29-AB3F-5CBDF7F941FE}.Release|Any CPU.Build.0 = Release|Any CPU
		{7E489ED9-A361-4DAE-9495-377B4152601F}.Debug|Any CPU.ActiveCfg = Debug|Any CPU
		{7E489ED9-A361-4DAE-9495-377B4152601F}.Debug|Any CPU.Build.0 = Debug|Any CPU
		{7E489ED9-A361-4DAE-9495-377B4152601F}.Release|Any CPU.ActiveCfg = Release|Any CPU
		{7E489ED9-A361-4DAE-9495-377B4152601F}.Release|Any CPU.Build.0 = Release|Any CPU
		{86EFEDFD-60A5-4A5F-A56B-EFC737B661AA}.Debug|Any CPU.ActiveCfg = Debug|Any CPU
		{86EFEDFD-60A5-4A5F-A56B-EFC737B661AA}.Debug|Any CPU.Build.0 = Debug|Any CPU
		{86EFEDFD-60A5-4A5F-A56B-EFC737B661AA}.Release|Any CPU.ActiveCfg = Release|Any CPU
		{86EFEDFD-60A5-4A5F-A56B-EFC737B661AA}.Release|Any CPU.Build.0 = Release|Any CPU
		{19DCF09F-AF38-4B52-AF4B-5BA04E1D9563}.Debug|Any CPU.ActiveCfg = Debug|Any CPU
		{19DCF09F-AF38-4B52-AF4B-5BA04E1D9563}.Debug|Any CPU.Build.0 = Debug|Any CPU
		{19DCF09F-AF38-4B52-AF4B-5BA04E1D9563}.Release|Any CPU.ActiveCfg = Release|Any CPU
		{19DCF09F-AF38-4B52-AF4B-5BA04E1D9563}.Release|Any CPU.Build.0 = Release|Any CPU
		{CE8A2A29-EFEF-4566-9886-ECB5E8905D1E}.Debug|Any CPU.ActiveCfg = Debug|Any CPU
		{CE8A2A29-EFEF-4566-9886-ECB5E8905D1E}.Debug|Any CPU.Build.0 = Debug|Any CPU
		{CE8A2A29-EFEF-4566-9886-ECB5E8905D1E}.Release|Any CPU.ActiveCfg = Release|Any CPU
		{CE8A2A29-EFEF-4566-9886-ECB5E8905D1E}.Release|Any CPU.Build.0 = Release|Any CPU
		{C15694D4-DE93-4007-A8A3-3909BD6993BB}.Debug|Any CPU.ActiveCfg = Debug|Any CPU
		{C15694D4-DE93-4007-A8A3-3909BD6993BB}.Debug|Any CPU.Build.0 = Debug|Any CPU
		{C15694D4-DE93-4007-A8A3-3909BD6993BB}.Release|Any CPU.ActiveCfg = Release|Any CPU
		{C15694D4-DE93-4007-A8A3-3909BD6993BB}.Release|Any CPU.Build.0 = Release|Any CPU
		{63167235-628B-4CED-A8F0-6662D7572397}.Debug|Any CPU.ActiveCfg = Debug|Any CPU
		{63167235-628B-4CED-A8F0-6662D7572397}.Debug|Any CPU.Build.0 = Debug|Any CPU
		{63167235-628B-4CED-A8F0-6662D7572397}.Release|Any CPU.ActiveCfg = Release|Any CPU
		{63167235-628B-4CED-A8F0-6662D7572397}.Release|Any CPU.Build.0 = Release|Any CPU
	EndGlobalSection
	GlobalSection(SolutionProperties) = preSolution
		HideSolutionNode = FALSE
	EndGlobalSection
	GlobalSection(NestedProjects) = preSolution
		{7DAC4CB1-843B-402F-8173-8ED930DEB8F1} = {B8ED488D-ABE0-4BD2-8A8D-A631BB07274A}
		{9B8F7D9C-FA6D-4C29-AB3F-5CBDF7F941FE} = {16B5014F-EC4B-40CB-9B2A-35EDC827D12F}
		{7E489ED9-A361-4DAE-9495-377B4152601F} = {BC0A899D-8160-42EF-8C57-93D44DE251EB}
		{86EFEDFD-60A5-4A5F-A56B-EFC737B661AA} = {0B61CFCD-0B77-4110-AF3A-3CD2270A4E30}
		{19DCF09F-AF38-4B52-AF4B-5BA04E1D9563} = {0B61CFCD-0B77-4110-AF3A-3CD2270A4E30}
		{CE8A2A29-EFEF-4566-9886-ECB5E8905D1E} = {5DED4A6E-A901-4855-8CB8-54D906A5DA59}
		{C15694D4-DE93-4007-A8A3-3909BD6993BB} = {5DED4A6E-A901-4855-8CB8-54D906A5DA59}
		{63167235-628B-4CED-A8F0-6662D7572397} = {A91D220F-FE27-41C6-8F84-7EAFCBF2AD88}
	EndGlobalSection
EndGlobal
